
Microsoft Visual Studio Solution File, Format Version 12.00
# Visual Studio Version 16
VisualStudioVersion = 16.0.31605.320
MinimumVisualStudioVersion = 10.0.40219.1
Project("{FAE04EC0-301F-11D3-BF4B-00C04F79EFBC}") = "WebApiCurso", "WebApiCurso\WebApiCurso.csproj", "{898F2C65-19A9-4AEE-BB38-6E958E0484A8}"
EndProject
Global
	GlobalSection(SolutionConfigurationPlatforms) = preSolution
		Debug|Any CPU = Debug|Any CPU
		Release|Any CPU = Release|Any CPU
	EndGlobalSection
	GlobalSection(ProjectConfigurationPlatforms) = postSolution
		{898F2C65-19A9-4AEE-BB38-6E958E0484A8}.Debug|Any CPU.ActiveCfg = Debug|Any CPU
		{898F2C65-19A9-4AEE-BB38-6E958E0484A8}.Debug|Any CPU.Build.0 = Debug|Any CPU
		{898F2C65-19A9-4AEE-BB38-6E958E0484A8}.Release|Any CPU.ActiveCfg = Release|Any CPU
		{898F2C65-19A9-4AEE-BB38-6E958E0484A8}.Release|Any CPU.Build.0 = Release|Any CPU
	EndGlobalSection
	GlobalSection(SolutionProperties) = preSolution
		HideSolutionNode = FALSE
	EndGlobalSection
	GlobalSection(ExtensibilityGlobals) = postSolution
		SolutionGuid = {FE7F8B4C-815C-46C1-AA8F-81E1A4972F46}
	EndGlobalSection
EndGlobal
